
Microsoft Visual Studio Solution File, Format Version 12.00
# Visual Studio Version 17
VisualStudioVersion = 17.11.35303.130
MinimumVisualStudioVersion = 10.0.40219.1
Project("{9A19103F-16F7-4668-BE54-9A1E7A4F7556}") = "WebApiWithSwaggerDemo", "WebApiWithSwaggerDemo.csproj", "{6B11AE94-9972-4893-A8C2-DD692BABCC22}"
EndProject
Global
	GlobalSection(SolutionConfigurationPlatforms) = preSolution
		Debug|Any CPU = Debug|Any CPU
		Release|Any CPU = Release|Any CPU
	EndGlobalSection
	GlobalSection(ProjectConfigurationPlatforms) = postSolution
		{6B11AE94-9972-4893-A8C2-DD692BABCC22}.Debug|Any CPU.ActiveCfg = Debug|Any CPU
		{6B11AE94-9972-4893-A8C2-DD692BABCC22}.Debug|Any CPU.Build.0 = Debug|Any CPU
		{6B11AE94-9972-4893-A8C2-DD692BABCC22}.Release|Any CPU.ActiveCfg = Release|Any CPU
		{6B11AE94-9972-4893-A8C2-DD692BABCC22}.Release|Any CPU.Build.0 = Release|Any CPU
	EndGlobalSection
	GlobalSection(SolutionProperties) = preSolution
		HideSolutionNode = FALSE
	EndGlobalSection
	GlobalSection(ExtensibilityGlobals) = postSolution
		SolutionGuid = {8B95912E-D7F8-4DC4-9646-CCFB7C445EF1}
	EndGlobalSection
EndGlobal
